// !$*UTF8*$!
{
	archiveVersion = 1;
	classes = {
	};
	objectVersion = 55;
	objects = {

/* Begin PBXBuildFile section */
		C99213ED27D1EB0D00C5A564 /* AppDelegate.swift in Sources */ = {isa = PBXBuildFile; fileRef = C99213EC27D1EB0D00C5A564 /* AppDelegate.swift */; };
		C99213EF27D1EB0D00C5A564 /* SceneDelegate.swift in Sources */ = {isa = PBXBuildFile; fileRef = C99213EE27D1EB0D00C5A564 /* SceneDelegate.swift */; };
		C99213F127D1EB0D00C5A564 /* ViewController.swift in Sources */ = {isa = PBXBuildFile; fileRef = C99213F027D1EB0D00C5A564 /* ViewController.swift */; };
		C99213F427D1EB0D00C5A564 /* Main.storyboard in Resources */ = {isa = PBXBuildFile; fileRef = C99213F227D1EB0D00C5A564 /* Main.storyboard */; };
		C99213F627D1EB1100C5A564 /* Assets.xcassets in Resources */ = {isa = PBXBuildFile; fileRef = C99213F527D1EB1100C5A564 /* Assets.xcassets */; };
		C99213F927D1EB1100C5A564 /* LaunchScreen.storyboard in Resources */ = {isa = PBXBuildFile; fileRef = C99213F727D1EB1100C5A564 /* LaunchScreen.storyboard */; };
		C992140427D1EB1100C5A564 /* MyWantsTests.swift in Sources */ = {isa = PBXBuildFile; fileRef = C992140327D1EB1100C5A564 /* MyWantsTests.swift */; };
		C992140E27D1EB1100C5A564 /* MyWantsUITests.swift in Sources */ = {isa = PBXBuildFile; fileRef = C992140D27D1EB1100C5A564 /* MyWantsUITests.swift */; };
		C992141027D1EB1100C5A564 /* MyWantsUITestsLaunchTests.swift in Sources */ = {isa = PBXBuildFile; fileRef = C992140F27D1EB1100C5A564 /* MyWantsUITestsLaunchTests.swift */; };
		C992141D27D1EB9C00C5A564 /* AddViewController.swift in Sources */ = {isa = PBXBuildFile; fileRef = C992141C27D1EB9C00C5A564 /* AddViewController.swift */; };
		C992142027D32EAB00C5A564 /* Realm in Frameworks */ = {isa = PBXBuildFile; productRef = C992141F27D32EAB00C5A564 /* Realm */; };
		C992142227D32EAB00C5A564 /* RealmSwift in Frameworks */ = {isa = PBXBuildFile; productRef = C992142127D32EAB00C5A564 /* RealmSwift */; };
		C992142427D32EF700C5A564 /* Product.swift in Sources */ = {isa = PBXBuildFile; fileRef = C992142327D32EF700C5A564 /* Product.swift */; };
/* End PBXBuildFile section */

/* Begin PBXContainerItemProxy section */
		C992140027D1EB1100C5A564 /* PBXContainerItemProxy */ = {
			isa = PBXContainerItemProxy;
			containerPortal = C99213E127D1EB0D00C5A564 /* Project object */;
			proxyType = 1;
			remoteGlobalIDString = C99213E827D1EB0D00C5A564;
			remoteInfo = MyWants;
		};
		C992140A27D1EB1100C5A564 /* PBXContainerItemProxy */ = {
			isa = PBXContainerItemProxy;
			containerPortal = C99213E127D1EB0D00C5A564 /* Project object */;
			proxyType = 1;
			remoteGlobalIDString = C99213E827D1EB0D00C5A564;
			remoteInfo = MyWants;
		};
/* End PBXContainerItemProxy section */

/* Begin PBXFileReference section */
		C99213E927D1EB0D00C5A564 /* MyWants.app */ = {isa = PBXFileReference; explicitFileType = wrapper.application; includeInIndex = 0; path = MyWants.app; sourceTree = BUILT_PRODUCTS_DIR; };
		C99213EC27D1EB0D00C5A564 /* AppDelegate.swift */ = {isa = PBXFileReference; lastKnownFileType = sourcecode.swift; path = AppDelegate.swift; sourceTree = "<group>"; };
		C99213EE27D1EB0D00C5A564 /* SceneDelegate.swift */ = {isa = PBXFileReference; lastKnownFileType = sourcecode.swift; path = SceneDelegate.swift; sourceTree = "<group>"; };
		C99213F027D1EB0D00C5A564 /* ViewController.swift */ = {isa = PBXFileReference; lastKnownFileType = sourcecode.swift; path = ViewController.swift; sourceTree = "<group>"; };
		C99213F327D1EB0D00C5A564 /* Base */ = {isa = PBXFileReference; lastKnownFileType = file.storyboard; name = Base; path = Base.lproj/Main.storyboard; sourceTree = "<group>"; };
		C99213F527D1EB1100C5A564 /* Assets.xcassets */ = {isa = PBXFileReference; lastKnownFileType = folder.assetcatalog; path = Assets.xcassets; sourceTree = "<group>"; };
		C99213F827D1EB1100C5A564 /* Base */ = {isa = PBXFileReference; lastKnownFileType = file.storyboard; name = Base; path = Base.lproj/LaunchScreen.storyboard; sourceTree = "<group>"; };
		C99213FA27D1EB1100C5A564 /* Info.plist */ = {isa = PBXFileReference; lastKnownFileType = text.plist.xml; path = Info.plist; sourceTree = "<group>"; };
		C99213FF27D1EB1100C5A564 /* MyWantsTests.xctest */ = {isa = PBXFileReference; explicitFileType = wrapper.cfbundle; includeInIndex = 0; path = MyWantsTests.xctest; sourceTree = BUILT_PRODUCTS_DIR; };
		C992140327D1EB1100C5A564 /* MyWantsTests.swift */ = {isa = PBXFileReference; lastKnownFileType = sourcecode.swift; path = MyWantsTests.swift; sourceTree = "<group>"; };
		C992140927D1EB1100C5A564 /* MyWantsUITests.xctest */ = {isa = PBXFileReference; explicitFileType = wrapper.cfbundle; includeInIndex = 0; path = MyWantsUITests.xctest; sourceTree = BUILT_PRODUCTS_DIR; };
		C992140D27D1EB1100C5A564 /* MyWantsUITests.swift */ = {isa = PBXFileReference; lastKnownFileType = sourcecode.swift; path = MyWantsUITests.swift; sourceTree = "<group>"; };
		C992140F27D1EB1100C5A564 /* MyWantsUITestsLaunchTests.swift */ = {isa = PBXFileReference; lastKnownFileType = sourcecode.swift; path = MyWantsUITestsLaunchTests.swift; sourceTree = "<group>"; };
		C992141C27D1EB9C00C5A564 /* AddViewController.swift */ = {isa = PBXFileReference; lastKnownFileType = sourcecode.swift; path = AddViewController.swift; sourceTree = "<group>"; };
		C992142327D32EF700C5A564 /* Product.swift */ = {isa = PBXFileReference; lastKnownFileType = sourcecode.swift; path = Product.swift; sourceTree = "<group>"; };
/* End PBXFileReference section */

/* Begin PBXFrameworksBuildPhase section */
		C99213E627D1EB0D00C5A564 /* Frameworks */ = {
			isa = PBXFrameworksBuildPhase;
			buildActionMask = 2147483647;
			files = (
				C992142227D32EAB00C5A564 /* RealmSwift in Frameworks */,
				C992142027D32EAB00C5A564 /* Realm in Frameworks */,
			);
			runOnlyForDeploymentPostprocessing = 0;
		};
		C99213FC27D1EB1100C5A564 /* Frameworks */ = {
			isa = PBXFrameworksBuildPhase;
			buildActionMask = 2147483647;
			files = (
			);
			runOnlyForDeploymentPostprocessing = 0;
		};
		C992140627D1EB1100C5A564 /* Frameworks */ = {
			isa = PBXFrameworksBuildPhase;
			buildActionMask = 2147483647;
			files = (
			);
			runOnlyForDeploymentPostprocessing = 0;
		};
/* End PBXFrameworksBuildPhase section */

/* Begin PBXGroup section */
		C99213E027D1EB0D00C5A564 = {
			isa = PBXGroup;
			children = (
				C99213EB27D1EB0D00C5A564 /* MyWants */,
				C992140227D1EB1100C5A564 /* MyWantsTests */,
				C992140C27D1EB1100C5A564 /* MyWantsUITests */,
				C99213EA27D1EB0D00C5A564 /* Products */,
			);
			sourceTree = "<group>";
		};
		C99213EA27D1EB0D00C5A564 /* Products */ = {
			isa = PBXGroup;
			children = (
				C99213E927D1EB0D00C5A564 /* MyWants.app */,
				C99213FF27D1EB1100C5A564 /* MyWantsTests.xctest */,
				C992140927D1EB1100C5A564 /* MyWantsUITests.xctest */,
			);
			name = Products;
			sourceTree = "<group>";
		};
		C99213EB27D1EB0D00C5A564 /* MyWants */ = {
			isa = PBXGroup;
			children = (
				C99213EC27D1EB0D00C5A564 /* AppDelegate.swift */,
				C99213EE27D1EB0D00C5A564 /* SceneDelegate.swift */,
				C99213F027D1EB0D00C5A564 /* ViewController.swift */,
				C992141C27D1EB9C00C5A564 /* AddViewController.swift */,
				C99213F227D1EB0D00C5A564 /* Main.storyboard */,
				C99213F527D1EB1100C5A564 /* Assets.xcassets */,
				C99213F727D1EB1100C5A564 /* LaunchScreen.storyboard */,
				C99213FA27D1EB1100C5A564 /* Info.plist */,
				C992142327D32EF700C5A564 /* Product.swift */,
			);
			path = MyWants;
			sourceTree = "<group>";
		};
		C992140227D1EB1100C5A564 /* MyWantsTests */ = {
			isa = PBXGroup;
			children = (
				C992140327D1EB1100C5A564 /* MyWantsTests.swift */,
			);
			path = MyWantsTests;
			sourceTree = "<group>";
		};
		C992140C27D1EB1100C5A564 /* MyWantsUITests */ = {
			isa = PBXGroup;
			children = (
				C992140D27D1EB1100C5A564 /* MyWantsUITests.swift */,
				C992140F27D1EB1100C5A564 /* MyWantsUITestsLaunchTests.swift */,
			);
			path = MyWantsUITests;
			sourceTree = "<group>";
		};
/* End PBXGroup section */

/* Begin PBXNativeTarget section */
		C99213E827D1EB0D00C5A564 /* MyWants */ = {
			isa = PBXNativeTarget;
			buildConfigurationList = C992141327D1EB1100C5A564 /* Build configuration list for PBXNativeTarget "MyWants" */;
			buildPhases = (
				C99213E527D1EB0D00C5A564 /* Sources */,
				C99213E627D1EB0D00C5A564 /* Frameworks */,
				C99213E727D1EB0D00C5A564 /* Resources */,
			);
			buildRules = (
			);
			dependencies = (
			);
			name = MyWants;
			packageProductDependencies = (
				C992141F27D32EAB00C5A564 /* Realm */,
				C992142127D32EAB00C5A564 /* RealmSwift */,
			);
			productName = MyWants;
			productReference = C99213E927D1EB0D00C5A564 /* MyWants.app */;
			productType = "com.apple.product-type.application";
		};
		C99213FE27D1EB1100C5A564 /* MyWantsTests */ = {
			isa = PBXNativeTarget;
			buildConfigurationList = C992141627D1EB1100C5A564 /* Build configuration list for PBXNativeTarget "MyWantsTests" */;
			buildPhases = (
				C99213FB27D1EB1100C5A564 /* Sources */,
				C99213FC27D1EB1100C5A564 /* Frameworks */,
				C99213FD27D1EB1100C5A564 /* Resources */,
			);
			buildRules = (
			);
			dependencies = (
				C992140127D1EB1100C5A564 /* PBXTargetDependency */,
			);
			name = MyWantsTests;
			productName = MyWantsTests;
			productReference = C99213FF27D1EB1100C5A564 /* MyWantsTests.xctest */;
			productType = "com.apple.product-type.bundle.unit-test";
		};
		C992140827D1EB1100C5A564 /* MyWantsUITests */ = {
			isa = PBXNativeTarget;
			buildConfigurationList = C992141927D1EB1100C5A564 /* Build configuration list for PBXNativeTarget "MyWantsUITests" */;
			buildPhases = (
				C992140527D1EB1100C5A564 /* Sources */,
				C992140627D1EB1100C5A564 /* Frameworks */,
				C992140727D1EB1100C5A564 /* Resources */,
			);
			buildRules = (
			);
			dependencies = (
				C992140B27D1EB1100C5A564 /* PBXTargetDependency */,
			);
			name = MyWantsUITests;
			productName = MyWantsUITests;
			productReference = C992140927D1EB1100C5A564 /* MyWantsUITests.xctest */;
			productType = "com.apple.product-type.bundle.ui-testing";
		};
/* End PBXNativeTarget section */

/* Begin PBXProject section */
		C99213E127D1EB0D00C5A564 /* Project object */ = {
			isa = PBXProject;
			attributes = {
				BuildIndependentTargetsInParallel = 1;
				LastSwiftUpdateCheck = 1320;
				LastUpgradeCheck = 1320;
				TargetAttributes = {
					C99213E827D1EB0D00C5A564 = {
						CreatedOnToolsVersion = 13.2.1;
					};
					C99213FE27D1EB1100C5A564 = {
						CreatedOnToolsVersion = 13.2.1;
						TestTargetID = C99213E827D1EB0D00C5A564;
					};
					C992140827D1EB1100C5A564 = {
						CreatedOnToolsVersion = 13.2.1;
						TestTargetID = C99213E827D1EB0D00C5A564;
					};
				};
			};
			buildConfigurationList = C99213E427D1EB0D00C5A564 /* Build configuration list for PBXProject "MyWants" */;
			compatibilityVersion = "Xcode 13.0";
			developmentRegion = en;
			hasScannedForEncodings = 0;
			knownRegions = (
				en,
				Base,
			);
			mainGroup = C99213E027D1EB0D00C5A564;
			packageReferences = (
				C992141E27D32EAA00C5A564 /* XCRemoteSwiftPackageReference "realm-cocoa" */,
			);
			productRefGroup = C99213EA27D1EB0D00C5A564 /* Products */;
			projectDirPath = "";
			projectRoot = "";
			targets = (
				C99213E827D1EB0D00C5A564 /* MyWants */,
				C99213FE27D1EB1100C5A564 /* MyWantsTests */,
				C992140827D1EB1100C5A564 /* MyWantsUITests */,
			);
		};
/* End PBXProject section */

/* Begin PBXResourcesBuildPhase section */
		C99213E727D1EB0D00C5A564 /* Resources */ = {
			isa = PBXResourcesBuildPhase;
			buildActionMask = 2147483647;
			files = (
				C99213F927D1EB1100C5A564 /* LaunchScreen.storyboard in Resources */,
				C99213F627D1EB1100C5A564 /* Assets.xcassets in Resources */,
				C99213F427D1EB0D00C5A564 /* Main.storyboard in Resources */,
			);
			runOnlyForDeploymentPostprocessing = 0;
		};
		C99213FD27D1EB1100C5A564 /* Resources */ = {
			isa = PBXResourcesBuildPhase;
			buildActionMask = 2147483647;
			files = (
			);
			runOnlyForDeploymentPostprocessing = 0;
		};
		C992140727D1EB1100C5A564 /* Resources */ = {
			isa = PBXResourcesBuildPhase;
			buildActionMask = 2147483647;
			files = (
			);
			runOnlyForDeploymentPostprocessing = 0;
		};
/* End PBXResourcesBuildPhase section */

/* Begin PBXSourcesBuildPhase section */
		C99213E527D1EB0D00C5A564 /* Sources */ = {
			isa = PBXSourcesBuildPhase;
			buildActionMask = 2147483647;
			files = (
				C992142427D32EF700C5A564 /* Product.swift in Sources */,
				C99213F127D1EB0D00C5A564 /* ViewController.swift in Sources */,
				C99213ED27D1EB0D00C5A564 /* AppDelegate.swift in Sources */,
				C992141D27D1EB9C00C5A564 /* AddViewController.swift in Sources */,
				C99213EF27D1EB0D00C5A564 /* SceneDelegate.swift in Sources */,
			);
			runOnlyForDeploymentPostprocessing = 0;
		};
		C99213FB27D1EB1100C5A564 /* Sources */ = {
			isa = PBXSourcesBuildPhase;
			buildActionMask = 2147483647;
			files = (
				C992140427D1EB1100C5A564 /* MyWantsTests.swift in Sources */,
			);
			runOnlyForDeploymentPostprocessing = 0;
		};
		C992140527D1EB1100C5A564 /* Sources */ = {
			isa = PBXSourcesBuildPhase;
			buildActionMask = 2147483647;
			files = (
				C992141027D1EB1100C5A564 /* MyWantsUITestsLaunchTests.swift in Sources */,
				C992140E27D1EB1100C5A564 /* MyWantsUITests.swift in Sources */,
			);
			runOnlyForDeploymentPostprocessing = 0;
		};
/* End PBXSourcesBuildPhase section */

/* Begin PBXTargetDependency section */
		C992140127D1EB1100C5A564 /* PBXTargetDependency */ = {
			isa = PBXTargetDependency;
			target = C99213E827D1EB0D00C5A564 /* MyWants */;
			targetProxy = C992140027D1EB1100C5A564 /* PBXContainerItemProxy */;
		};
		C992140B27D1EB1100C5A564 /* PBXTargetDependency */ = {
			isa = PBXTargetDependency;
			target = C99213E827D1EB0D00C5A564 /* MyWants */;
			targetProxy = C992140A27D1EB1100C5A564 /* PBXContainerItemProxy */;
		};
/* End PBXTargetDependency section */

/* Begin PBXVariantGroup section */
		C99213F227D1EB0D00C5A564 /* Main.storyboard */ = {
			isa = PBXVariantGroup;
			children = (
				C99213F327D1EB0D00C5A564 /* Base */,
			);
			name = Main.storyboard;
			sourceTree = "<group>";
		};
		C99213F727D1EB1100C5A564 /* LaunchScreen.storyboard */ = {
			isa = PBXVariantGroup;
			children = (
				C99213F827D1EB1100C5A564 /* Base */,
			);
			name = LaunchScreen.storyboard;
			sourceTree = "<group>";
		};
/* End PBXVariantGroup section */

/* Begin XCBuildConfiguration section */
		C992141127D1EB1100C5A564 /* Debug */ = {
			isa = XCBuildConfiguration;
			buildSettings = {
				ALWAYS_SEARCH_USER_PATHS = NO;
				CLANG_ANALYZER_NONNULL = YES;
				CLANG_ANALYZER_NUMBER_OBJECT_CONVERSION = YES_AGGRESSIVE;
				CLANG_CXX_LANGUAGE_STANDARD = "gnu++17";
				CLANG_CXX_LIBRARY = "libc++";
				CLANG_ENABLE_MODULES = YES;
				CLANG_ENABLE_OBJC_ARC = YES;
				CLANG_ENABLE_OBJC_WEAK = YES;
				CLANG_WARN_BLOCK_CAPTURE_AUTORELEASING = YES;
				CLANG_WARN_BOOL_CONVERSION = YES;
				CLANG_WARN_COMMA = YES;
				CLANG_WARN_CONSTANT_CONVERSION = YES;
				CLANG_WARN_DEPRECATED_OBJC_IMPLEMENTATIONS = YES;
				CLANG_WARN_DIRECT_OBJC_ISA_USAGE = YES_ERROR;
				CLANG_WARN_DOCUMENTATION_COMMENTS = YES;
				CLANG_WARN_EMPTY_BODY = YES;
				CLANG_WARN_ENUM_CONVERSION = YES;
				CLANG_WARN_INFINITE_RECURSION = YES;
				CLANG_WARN_INT_CONVERSION = YES;
				CLANG_WARN_NON_LITERAL_NULL_CONVERSION = YES;
				CLANG_WARN_OBJC_IMPLICIT_RETAIN_SELF = YES;
				CLANG_WARN_OBJC_LITERAL_CONVERSION = YES;
				CLANG_WARN_OBJC_ROOT_CLASS = YES_ERROR;
				CLANG_WARN_QUOTED_INCLUDE_IN_FRAMEWORK_HEADER = YES;
				CLANG_WARN_RANGE_LOOP_ANALYSIS = YES;
				CLANG_WARN_STRICT_PROTOTYPES = YES;
				CLANG_WARN_SUSPICIOUS_MOVE = YES;
				CLANG_WARN_UNGUARDED_AVAILABILITY = YES_AGGRESSIVE;
				CLANG_WARN_UNREACHABLE_CODE = YES;
				CLANG_WARN__DUPLICATE_METHOD_MATCH = YES;
				COPY_PHASE_STRIP = NO;
				DEBUG_INFORMATION_FORMAT = dwarf;
				ENABLE_STRICT_OBJC_MSGSEND = YES;
				ENABLE_TESTABILITY = YES;
				GCC_C_LANGUAGE_STANDARD = gnu11;
				GCC_DYNAMIC_NO_PIC = NO;
				GCC_NO_COMMON_BLOCKS = YES;
				GCC_OPTIMIZATION_LEVEL = 0;
				GCC_PREPROCESSOR_DEFINITIONS = (
					"DEBUG=1",
					"$(inherited)",
				);
				GCC_WARN_64_TO_32_BIT_CONVERSION = YES;
				GCC_WARN_ABOUT_RETURN_TYPE = YES_ERROR;
				GCC_WARN_UNDECLARED_SELECTOR = YES;
				GCC_WARN_UNINITIALIZED_AUTOS = YES_AGGRESSIVE;
				GCC_WARN_UNUSED_FUNCTION = YES;
				GCC_WARN_UNUSED_VARIABLE = YES;
				IPHONEOS_DEPLOYMENT_TARGET = 15.2;
				MTL_ENABLE_DEBUG_INFO = INCLUDE_SOURCE;
				MTL_FAST_MATH = YES;
				ONLY_ACTIVE_ARCH = YES;
				SDKROOT = iphoneos;
				SWIFT_ACTIVE_COMPILATION_CONDITIONS = DEBUG;
				SWIFT_OPTIMIZATION_LEVEL = "-Onone";
			};
			name = Debug;
		};
		C992141227D1EB1100C5A564 /* Release */ = {
			isa = XCBuildConfiguration;
			buildSettings = {
				ALWAYS_SEARCH_USER_PATHS = NO;
				CLANG_ANALYZER_NONNULL = YES;
				CLANG_ANALYZER_NUMBER_OBJECT_CONVERSION = YES_AGGRESSIVE;
				CLANG_CXX_LANGUAGE_STANDARD = "gnu++17";
				CLANG_CXX_LIBRARY = "libc++";
				CLANG_ENABLE_MODULES = YES;
				CLANG_ENABLE_OBJC_ARC = YES;
				CLANG_ENABLE_OBJC_WEAK = YES;
				CLANG_WARN_BLOCK_CAPTURE_AUTORELEASING = YES;
				CLANG_WARN_BOOL_CONVERSION = YES;
				CLANG_WARN_COMMA = YES;
				CLANG_WARN_CONSTANT_CONVERSION = YES;
				CLANG_WARN_DEPRECATED_OBJC_IMPLEMENTATIONS = YES;
				CLANG_WARN_DIRECT_OBJC_ISA_USAGE = YES_ERROR;
				CLANG_WARN_DOCUMENTATION_COMMENTS = YES;
				CLANG_WARN_EMPTY_BODY = YES;
				CLANG_WARN_ENUM_CONVERSION = YES;
				CLANG_WARN_INFINITE_RECURSION = YES;
				CLANG_WARN_INT_CONVERSION = YES;
				CLANG_WARN_NON_LITERAL_NULL_CONVERSION = YES;
				CLANG_WARN_OBJC_IMPLICIT_RETAIN_SELF = YES;
				CLANG_WARN_OBJC_LITERAL_CONVERSION = YES;
				CLANG_WARN_OBJC_ROOT_CLASS = YES_ERROR;
				CLANG_WARN_QUOTED_INCLUDE_IN_FRAMEWORK_HEADER = YES;
				CLANG_WARN_RANGE_LOOP_ANALYSIS = YES;
				CLANG_WARN_STRICT_PROTOTYPES = YES;
				CLANG_WARN_SUSPICIOUS_MOVE = YES;
				CLANG_WARN_UNGUARDED_AVAILABILITY = YES_AGGRESSIVE;
				CLANG_WARN_UNREACHABLE_CODE = YES;
				CLANG_WARN__DUPLICATE_METHOD_MATCH = YES;
				COPY_PHASE_STRIP = NO;
				DEBUG_INFORMATION_FORMAT = "dwarf-with-dsym";
				ENABLE_NS_ASSERTIONS = NO;
				ENABLE_STRICT_OBJC_MSGSEND = YES;
				GCC_C_LANGUAGE_STANDARD = gnu11;
				GCC_NO_COMMON_BLOCKS = YES;
				GCC_WARN_64_TO_32_BIT_CONVERSION = YES;
				GCC_WARN_ABOUT_RETURN_TYPE = YES_ERROR;
				GCC_WARN_UNDECLARED_SELECTOR = YES;
				GCC_WARN_UNINITIALIZED_AUTOS = YES_AGGRESSIVE;
				GCC_WARN_UNUSED_FUNCTION = YES;
				GCC_WARN_UNUSED_VARIABLE = YES;
				IPHONEOS_DEPLOYMENT_TARGET = 15.2;
				MTL_ENABLE_DEBUG_INFO = NO;
				MTL_FAST_MATH = YES;
				SDKROOT = iphoneos;
				SWIFT_COMPILATION_MODE = wholemodule;
				SWIFT_OPTIMIZATION_LEVEL = "-O";
				VALIDATE_PRODUCT = YES;
			};
			name = Release;
		};
		C992141427D1EB1100C5A564 /* Debug */ = {
			isa = XCBuildConfiguration;
			buildSettings = {
				ASSETCATALOG_COMPILER_APPICON_NAME = AppIcon;
				ASSETCATALOG_COMPILER_GLOBAL_ACCENT_COLOR_NAME = AccentColor;
				CODE_SIGN_STYLE = Automatic;
				CURRENT_PROJECT_VERSION = 1;
				GENERATE_INFOPLIST_FILE = YES;
				INFOPLIST_FILE = MyWants/Info.plist;
				INFOPLIST_KEY_UIApplicationSupportsIndirectInputEvents = YES;
				INFOPLIST_KEY_UILaunchStoryboardName = LaunchScreen;
				INFOPLIST_KEY_UIMainStoryboardFile = Main;
				INFOPLIST_KEY_UISupportedInterfaceOrientations_iPad = "UIInterfaceOrientationPortrait UIInterfaceOrientationPortraitUpsideDown UIInterfaceOrientationLandscapeLeft UIInterfaceOrientationLandscapeRight";
				INFOPLIST_KEY_UISupportedInterfaceOrientations_iPhone = "UIInterfaceOrientationPortrait UIInterfaceOrientationLandscapeLeft UIInterfaceOrientationLandscapeRight";
				LD_RUNPATH_SEARCH_PATHS = (
					"$(inherited)",
					"@executable_path/Frameworks",
				);
				MARKETING_VERSION = 1.0;
				PRODUCT_BUNDLE_IDENTIFIER = app.kin.kimchi.MyWants;
				PRODUCT_NAME = "$(TARGET_NAME)";
				SWIFT_EMIT_LOC_STRINGS = YES;
				SWIFT_VERSION = 5.0;
				TARGETED_DEVICE_FAMILY = "1,2";
			};
			name = Debug;
		};
		C992141527D1EB1100C5A564 /* Release */ = {
			isa = XCBuildConfiguration;
			buildSettings = {
				ASSETCATALOG_COMPILER_APPICON_NAME = AppIcon;
				ASSETCATALOG_COMPILER_GLOBAL_ACCENT_COLOR_NAME = AccentColor;
				CODE_SIGN_STYLE = Automatic;
				CURRENT_PROJECT_VERSION = 1;
				GENERATE_INFOPLIST_FILE = YES;
				INFOPLIST_FILE = MyWants/Info.plist;
				INFOPLIST_KEY_UIApplicationSupportsIndirectInputEvents = YES;
				INFOPLIST_KEY_UILaunchStoryboardName = LaunchScreen;
				INFOPLIST_KEY_UIMainStoryboardFile = Main;
				INFOPLIST_KEY_UISupportedInterfaceOrientations_iPad = "UIInterfaceOrientationPortrait UIInterfaceOrientationPortraitUpsideDown UIInterfaceOrientationLandscapeLeft UIInterfaceOrientationLandscapeRight";
				INFOPLIST_KEY_UISupportedInterfaceOrientations_iPhone = "UIInterfaceOrientationPortrait UIInterfaceOrientationLandscapeLeft UIInterfaceOrientationLandscapeRight";
				LD_RUNPATH_SEARCH_PATHS = (
					"$(inherited)",
					"@executable_path/Frameworks",
				);
				MARKETING_VERSION = 1.0;
				PRODUCT_BUNDLE_IDENTIFIER = app.kin.kimchi.MyWants;
				PRODUCT_NAME = "$(TARGET_NAME)";
				SWIFT_EMIT_LOC_STRINGS = YES;
				SWIFT_VERSION = 5.0;
				TARGETED_DEVICE_FAMILY = "1,2";
			};
			name = Release;
		};
		C992141727D1EB1100C5A564 /* Debug */ = {
			isa = XCBuildConfiguration;
			buildSettings = {
				ALWAYS_EMBED_SWIFT_STANDARD_LIBRARIES = YES;
				BUNDLE_LOADER = "$(TEST_HOST)";
				CODE_SIGN_STYLE = Automatic;
				CURRENT_PROJECT_VERSION = 1;
				GENERATE_INFOPLIST_FILE = YES;
				IPHONEOS_DEPLOYMENT_TARGET = 15.2;
				MARKETING_VERSION = 1.0;
				PRODUCT_BUNDLE_IDENTIFIER = app.kin.kimchi.MyWantsTests;
				PRODUCT_NAME = "$(TARGET_NAME)";
				SWIFT_EMIT_LOC_STRINGS = NO;
				SWIFT_VERSION = 5.0;
				TARGETED_DEVICE_FAMILY = "1,2";
				TEST_HOST = "$(BUILT_PRODUCTS_DIR)/MyWants.app/MyWants";
			};
			name = Debug;
		};
		C992141827D1EB1100C5A564 /* Release */ = {
			isa = XCBuildConfiguration;
			buildSettings = {
				ALWAYS_EMBED_SWIFT_STANDARD_LIBRARIES = YES;
				BUNDLE_LOADER = "$(TEST_HOST)";
				CODE_SIGN_STYLE = Automatic;
				CURRENT_PROJECT_VERSION = 1;
				GENERATE_INFOPLIST_FILE = YES;
				IPHONEOS_DEPLOYMENT_TARGET = 15.2;
				MARKETING_VERSION = 1.0;
				PRODUCT_BUNDLE_IDENTIFIER = app.kin.kimchi.MyWantsTests;
				PRODUCT_NAME = "$(TARGET_NAME)";
				SWIFT_EMIT_LOC_STRINGS = NO;
				SWIFT_VERSION = 5.0;
				TARGETED_DEVICE_FAMILY = "1,2";
				TEST_HOST = "$(BUILT_PRODUCTS_DIR)/MyWants.app/MyWants";
			};
			name = Release;
		};
		C992141A27D1EB1100C5A564 /* Debug */ = {
			isa = XCBuildConfiguration;
			buildSettings = {
				ALWAYS_EMBED_SWIFT_STANDARD_LIBRARIES = YES;
				CODE_SIGN_STYLE = Automatic;
				CURRENT_PROJECT_VERSION = 1;
				GENERATE_INFOPLIST_FILE = YES;
				MARKETING_VERSION = 1.0;
				PRODUCT_BUNDLE_IDENTIFIER = app.kin.kimchi.MyWantsUITests;
				PRODUCT_NAME = "$(TARGET_NAME)";
				SWIFT_EMIT_LOC_STRINGS = NO;
				SWIFT_VERSION = 5.0;
				TARGETED_DEVICE_FAMILY = "1,2";
				TEST_TARGET_NAME = MyWants;
			};
			name = Debug;
		};
		C992141B27D1EB1100C5A564 /* Release */ = {
			isa = XCBuildConfiguration;
			buildSettings = {
				ALWAYS_EMBED_SWIFT_STANDARD_LIBRARIES = YES;
				CODE_SIGN_STYLE = Automatic;
				CURRENT_PROJECT_VERSION = 1;
				GENERATE_INFOPLIST_FILE = YES;
				MARKETING_VERSION = 1.0;
				PRODUCT_BUNDLE_IDENTIFIER = app.kin.kimchi.MyWantsUITests;
				PRODUCT_NAME = "$(TARGET_NAME)";
				SWIFT_EMIT_LOC_STRINGS = NO;
				SWIFT_VERSION = 5.0;
				TARGETED_DEVICE_FAMILY = "1,2";
				TEST_TARGET_NAME = MyWants;
			};
			name = Release;
		};
/* End XCBuildConfiguration section */

/* Begin XCConfigurationList section */
		C99213E427D1EB0D00C5A564 /* Build configuration list for PBXProject "MyWants" */ = {
			isa = XCConfigurationList;
			buildConfigurations = (
				C992141127D1EB1100C5A564 /* Debug */,
				C992141227D1EB1100C5A564 /* Release */,
			);
			defaultConfigurationIsVisible = 0;
			defaultConfigurationName = Release;
		};
		C992141327D1EB1100C5A564 /* Build configuration list for PBXNativeTarget "MyWants" */ = {
			isa = XCConfigurationList;
			buildConfigurations = (
				C992141427D1EB1100C5A564 /* Debug */,
				C992141527D1EB1100C5A564 /* Release */,
			);
			defaultConfigurationIsVisible = 0;
			defaultConfigurationName = Release;
		};
		C992141627D1EB1100C5A564 /* Build configuration list for PBXNativeTarget "MyWantsTests" */ = {
			isa = XCConfigurationList;
			buildConfigurations = (
				C992141727D1EB1100C5A564 /* Debug */,
				C992141827D1EB1100C5A564 /* Release */,
			);
			defaultConfigurationIsVisible = 0;
			defaultConfigurationName = Release;
		};
		C992141927D1EB1100C5A564 /* Build configuration list for PBXNativeTarget "MyWantsUITests" */ = {
			isa = XCConfigurationList;
			buildConfigurations = (
				C992141A27D1EB1100C5A564 /* Debug */,
				C992141B27D1EB1100C5A564 /* Release */,
			);
			defaultConfigurationIsVisible = 0;
			defaultConfigurationName = Release;
		};
/* End XCConfigurationList section */

/* Begin XCRemoteSwiftPackageReference section */
		C992141E27D32EAA00C5A564 /* XCRemoteSwiftPackageReference "realm-cocoa" */ = {
			isa = XCRemoteSwiftPackageReference;
			repositoryURL = "https://github.com/realm/realm-cocoa";
			requirement = {
				branch = master;
				kind = branch;
			};
		};
/* End XCRemoteSwiftPackageReference section */

/* Begin XCSwiftPackageProductDependency section */
		C992141F27D32EAB00C5A564 /* Realm */ = {
			isa = XCSwiftPackageProductDependency;
			package = C992141E27D32EAA00C5A564 /* XCRemoteSwiftPackageReference "realm-cocoa" */;
			productName = Realm;
		};
		C992142127D32EAB00C5A564 /* RealmSwift */ = {
			isa = XCSwiftPackageProductDependency;
			package = C992141E27D32EAA00C5A564 /* XCRemoteSwiftPackageReference "realm-cocoa" */;
			productName = RealmSwift;
		};
/* End XCSwiftPackageProductDependency section */
	};
	rootObject = C99213E127D1EB0D00C5A564 /* Project object */;
}
